
Microsoft Visual Studio Solution File, Format Version 12.00
# Visual Studio Version 17
VisualStudioVersion = 17.11.35312.102
MinimumVisualStudioVersion = 10.0.40219.1
Project("{8BC9CEB8-8B4A-11D0-8D11-00A0C91BC942}") = "practice01", "practice\practice01\practice01\practice01.vcxproj", "{349A5E12-D0C3-40C1-984D-C13A9F1B7C9C}"
EndProject
Project("{8BC9CEB8-8B4A-11D0-8D11-00A0C91BC942}") = "practice02", "practice\practice02\practice02.vcxproj", "{47134362-6A32-4C90-A023-49E31DFEB561}"
EndProject
Project("{8BC9CEB8-8B4A-11D0-8D11-00A0C91BC942}") = "practice03", "practice\practice03\practice03.vcxproj", "{204B54FB-B409-433F-B036-E8BBB59E8154}"
EndProject
Project("{8BC9CEB8-8B4A-11D0-8D11-00A0C91BC942}") = "practice03_test", "tests\practice03_test\practice03_test.vcxproj", "{27E9EC11-298C-454C-9326-2BFEFA198A22}"
EndProject
Project("{8BC9CEB8-8B4A-11D0-8D11-00A0C91BC942}") = "practice04_1b", "practice\practice04\practice04_1b\practice04_1b.vcxproj", "{D5B4B0CE-8985-4F51-8897-F51BEAA9DB34}"
EndProject
Project("{8BC9CEB8-8B4A-11D0-8D11-00A0C91BC942}") = "practice04_2a", "practice\practice04\practice04_2a\practice04_2a.vcxproj", "{DD201AE4-59FA-438A-A92B-FE95431D73EA}"
EndProject
Project("{8BC9CEB8-8B4A-11D0-8D11-00A0C91BC942}") = "practice04_3a", "practice\practice04\practice04_3a\practice04_3a.vcxproj", "{D9C4C2C9-1BA4-477E-92F3-0C129AFB3BEF}"
EndProject
Project("{8BC9CEB8-8B4A-11D0-8D11-00A0C91BC942}") = "project01", "projects\project01\project01.vcxproj", "{BBD8E6AC-DE84-47BB-9897-15226BA60E4F}"
EndProject
Project("{8BC9CEB8-8B4A-11D0-8D11-00A0C91BC942}") = "practice05_1b", "practice\practice05\practice05_1b\practice05_1b.vcxproj", "{EA03A574-508C-4467-BBC9-473379D18D69}"
EndProject
Project("{8BC9CEB8-8B4A-11D0-8D11-00A0C91BC942}") = "practice05_2b", "practice\practice05\practice05_2b\practice05_2b.vcxproj", "{BAD4ED8C-013E-4A66-8160-729655850491}"
EndProject
Project("{8BC9CEB8-8B4A-11D0-8D11-00A0C91BC942}") = "practice05_3a", "practice\practice05\practice05_3a\practice05_3a.vcxproj", "{05DB5232-B7B4-47A7-8579-97ECF5C1A902}"
EndProject
Project("{8BC9CEB8-8B4A-11D0-8D11-00A0C91BC942}") = "practice06", "practice\practice06\practice06.vcxproj", "{230231FB-5B44-441B-B813-BB5CBD32EEAC}"
EndProject
Project("{8BC9CEB8-8B4A-11D0-8D11-00A0C91BC942}") = "practice07", "practice\practice07\practice07.vcxproj", "{6E21E51F-6D2C-40B7-8772-40FF2E7B6E02}"
EndProject
Project("{8BC9CEB8-8B4A-11D0-8D11-00A0C91BC942}") = "practice09_p1", "practice\practice09\problem1\problem1.vcxproj", "{5BC91AB3-E077-4CFC-A0C0-BF904A2E02AB}"
EndProject
Project("{8BC9CEB8-8B4A-11D0-8D11-00A0C91BC942}") = "practice09_p2", "practice\practice09\practice09_p2\practice09_p2.vcxproj", "{6222427B-D528-446D-B041-E8CD6FCC4A32}"
EndProject
Global
	GlobalSection(SolutionConfigurationPlatforms) = preSolution
		Debug|x64 = Debug|x64
		Debug|x86 = Debug|x86
		Release|x64 = Release|x64
		Release|x86 = Release|x86
	EndGlobalSection
	GlobalSection(ProjectConfigurationPlatforms) = postSolution
		{349A5E12-D0C3-40C1-984D-C13A9F1B7C9C}.Debug|x64.ActiveCfg = Debug|x64
		{349A5E12-D0C3-40C1-984D-C13A9F1B7C9C}.Debug|x64.Build.0 = Debug|x64
		{349A5E12-D0C3-40C1-984D-C13A9F1B7C9C}.Debug|x86.ActiveCfg = Debug|Win32
		{349A5E12-D0C3-40C1-984D-C13A9F1B7C9C}.Debug|x86.Build.0 = Debug|Win32
		{349A5E12-D0C3-40C1-984D-C13A9F1B7C9C}.Release|x64.ActiveCfg = Release|x64
		{349A5E12-D0C3-40C1-984D-C13A9F1B7C9C}.Release|x64.Build.0 = Release|x64
		{349A5E12-D0C3-40C1-984D-C13A9F1B7C9C}.Release|x86.ActiveCfg = Release|Win32
		{349A5E12-D0C3-40C1-984D-C13A9F1B7C9C}.Release|x86.Build.0 = Release|Win32
		{47134362-6A32-4C90-A023-49E31DFEB561}.Debug|x64.ActiveCfg = Debug|x64
		{47134362-6A32-4C90-A023-49E31DFEB561}.Debug|x64.Build.0 = Debug|x64
		{47134362-6A32-4C90-A023-49E31DFEB561}.Debug|x86.ActiveCfg = Debug|Win32
		{47134362-6A32-4C90-A023-49E31DFEB561}.Debug|x86.Build.0 = Debug|Win32
		{47134362-6A32-4C90-A023-49E31DFEB561}.Release|x64.ActiveCfg = Release|x64
		{47134362-6A32-4C90-A023-49E31DFEB561}.Release|x64.Build.0 = Release|x64
		{47134362-6A32-4C90-A023-49E31DFEB561}.Release|x86.ActiveCfg = Release|Win32
		{47134362-6A32-4C90-A023-49E31DFEB561}.Release|x86.Build.0 = Release|Win32
		{204B54FB-B409-433F-B036-E8BBB59E8154}.Debug|x64.ActiveCfg = Debug|x64
		{204B54FB-B409-433F-B036-E8BBB59E8154}.Debug|x64.Build.0 = Debug|x64
		{204B54FB-B409-433F-B036-E8BBB59E8154}.Debug|x86.ActiveCfg = Debug|Win32
		{204B54FB-B409-433F-B036-E8BBB59E8154}.Debug|x86.Build.0 = Debug|Win32
		{204B54FB-B409-433F-B036-E8BBB59E8154}.Release|x64.ActiveCfg = Release|x64
		{204B54FB-B409-433F-B036-E8BBB59E8154}.Release|x64.Build.0 = Release|x64
		{204B54FB-B409-433F-B036-E8BBB59E8154}.Release|x86.ActiveCfg = Release|Win32
		{204B54FB-B409-433F-B036-E8BBB59E8154}.Release|x86.Build.0 = Release|Win32
		{27E9EC11-298C-454C-9326-2BFEFA198A22}.Debug|x64.ActiveCfg = Debug|x64
		{27E9EC11-298C-454C-9326-2BFEFA198A22}.Debug|x64.Build.0 = Debug|x64
		{27E9EC11-298C-454C-9326-2BFEFA198A22}.Debug|x86.ActiveCfg = Debug|Win32
		{27E9EC11-298C-454C-9326-2BFEFA198A22}.Debug|x86.Build.0 = Debug|Win32
		{27E9EC11-298C-454C-9326-2BFEFA198A22}.Release|x64.ActiveCfg = Release|x64
		{27E9EC11-298C-454C-9326-2BFEFA198A22}.Release|x64.Build.0 = Release|x64
		{27E9EC11-298C-454C-9326-2BFEFA198A22}.Release|x86.ActiveCfg = Release|Win32
		{27E9EC11-298C-454C-9326-2BFEFA198A22}.Release|x86.Build.0 = Release|Win32
		{D5B4B0CE-8985-4F51-8897-F51BEAA9DB34}.Debug|x64.ActiveCfg = Debug|x64
		{D5B4B0CE-8985-4F51-8897-F51BEAA9DB34}.Debug|x64.Build.0 = Debug|x64
		{D5B4B0CE-8985-4F51-8897-F51BEAA9DB34}.Debug|x86.ActiveCfg = Debug|Win32
		{D5B4B0CE-8985-4F51-8897-F51BEAA9DB34}.Debug|x86.Build.0 = Debug|Win32
		{D5B4B0CE-8985-4F51-8897-F51BEAA9DB34}.Release|x64.ActiveCfg = Release|x64
		{D5B4B0CE-8985-4F51-8897-F51BEAA9DB34}.Release|x64.Build.0 = Release|x64
		{D5B4B0CE-8985-4F51-8897-F51BEAA9DB34}.Release|x86.ActiveCfg = Release|Win32
		{D5B4B0CE-8985-4F51-8897-F51BEAA9DB34}.Release|x86.Build.0 = Release|Win32
		{DD201AE4-59FA-438A-A92B-FE95431D73EA}.Debug|x64.ActiveCfg = Debug|x64
		{DD201AE4-59FA-438A-A92B-FE95431D73EA}.Debug|x64.Build.0 = Debug|x64
		{DD201AE4-59FA-438A-A92B-FE95431D73EA}.Debug|x86.ActiveCfg = Debug|Win32
		{DD201AE4-59FA-438A-A92B-FE95431D73EA}.Debug|x86.Build.0 = Debug|Win32
		{DD201AE4-59FA-438A-A92B-FE95431D73EA}.Release|x64.ActiveCfg = Release|x64
		{DD201AE4-59FA-438A-A92B-FE95431D73EA}.Release|x64.Build.0 = Release|x64
		{DD201AE4-59FA-438A-A92B-FE95431D73EA}.Release|x86.ActiveCfg = Release|Win32
		{DD201AE4-59FA-438A-A92B-FE95431D73EA}.Release|x86.Build.0 = Release|Win32
		{D9C4C2C9-1BA4-477E-92F3-0C129AFB3BEF}.Debug|x64.ActiveCfg = Debug|x64
		{D9C4C2C9-1BA4-477E-92F3-0C129AFB3BEF}.Debug|x64.Build.0 = Debug|x64
		{D9C4C2C9-1BA4-477E-92F3-0C129AFB3BEF}.Debug|x86.ActiveCfg = Debug|Win32
		{D9C4C2C9-1BA4-477E-92F3-0C129AFB3BEF}.Debug|x86.Build.0 = Debug|Win32
		{D9C4C2C9-1BA4-477E-92F3-0C129AFB3BEF}.Release|x64.ActiveCfg = Release|x64
		{D9C4C2C9-1BA4-477E-92F3-0C129AFB3BEF}.Release|x64.Build.0 = Release|x64
		{D9C4C2C9-1BA4-477E-92F3-0C129AFB3BEF}.Release|x86.ActiveCfg = Release|Win32
		{D9C4C2C9-1BA4-477E-92F3-0C129AFB3BEF}.Release|x86.Build.0 = Release|Win32
		{BBD8E6AC-DE84-47BB-9897-15226BA60E4F}.Debug|x64.ActiveCfg = Debug|x64
		{BBD8E6AC-DE84-47BB-9897-15226BA60E4F}.Debug|x64.Build.0 = Debug|x64
		{BBD8E6AC-DE84-47BB-9897-15226BA60E4F}.Debug|x86.ActiveCfg = Debug|Win32
		{BBD8E6AC-DE84-47BB-9897-15226BA60E4F}.Debug|x86.Build.0 = Debug|Win32
		{BBD8E6AC-DE84-47BB-9897-15226BA60E4F}.Release|x64.ActiveCfg = Release|x64
		{BBD8E6AC-DE84-47BB-9897-15226BA60E4F}.Release|x64.Build.0 = Release|x64
		{BBD8E6AC-DE84-47BB-9897-15226BA60E4F}.Release|x86.ActiveCfg = Release|Win32
		{BBD8E6AC-DE84-47BB-9897-15226BA60E4F}.Release|x86.Build.0 = Release|Win32
		{EA03A574-508C-4467-BBC9-473379D18D69}.Debug|x64.ActiveCfg = Debug|x64
		{EA03A574-508C-4467-BBC9-473379D18D69}.Debug|x64.Build.0 = Debug|x64
		{EA03A574-508C-4467-BBC9-473379D18D69}.Debug|x86.ActiveCfg = Debug|Win32
		{EA03A574-508C-4467-BBC9-473379D18D69}.Debug|x86.Build.0 = Debug|Win32
		{EA03A574-508C-4467-BBC9-473379D18D69}.Release|x64.ActiveCfg = Release|x64
		{EA03A574-508C-4467-BBC9-473379D18D69}.Release|x64.Build.0 = Release|x64
		{EA03A574-508C-4467-BBC9-473379D18D69}.Release|x86.ActiveCfg = Release|Win32
		{EA03A574-508C-4467-BBC9-473379D18D69}.Release|x86.Build.0 = Release|Win32
		{BAD4ED8C-013E-4A66-8160-729655850491}.Debug|x64.ActiveCfg = Debug|x64
		{BAD4ED8C-013E-4A66-8160-729655850491}.Debug|x64.Build.0 = Debug|x64
		{BAD4ED8C-013E-4A66-8160-729655850491}.Debug|x86.ActiveCfg = Debug|Win32
		{BAD4ED8C-013E-4A66-8160-729655850491}.Debug|x86.Build.0 = Debug|Win32
		{BAD4ED8C-013E-4A66-8160-729655850491}.Release|x64.ActiveCfg = Release|x64
		{BAD4ED8C-013E-4A66-8160-729655850491}.Release|x64.Build.0 = Release|x64
		{BAD4ED8C-013E-4A66-8160-729655850491}.Release|x86.ActiveCfg = Release|Win32
		{BAD4ED8C-013E-4A66-8160-729655850491}.Release|x86.Build.0 = Release|Win32
		{05DB5232-B7B4-47A7-8579-97ECF5C1A902}.Debug|x64.ActiveCfg = Debug|x64
		{05DB5232-B7B4-47A7-8579-97ECF5C1A902}.Debug|x64.Build.0 = Debug|x64
		{05DB5232-B7B4-47A7-8579-97ECF5C1A902}.Debug|x86.ActiveCfg = Debug|Win32
		{05DB5232-B7B4-47A7-8579-97ECF5C1A902}.Debug|x86.Build.0 = Debug|Win32
		{05DB5232-B7B4-47A7-8579-97ECF5C1A902}.Release|x64.ActiveCfg = Release|x64
		{05DB5232-B7B4-47A7-8579-97ECF5C1A902}.Release|x64.Build.0 = Release|x64
		{05DB5232-B7B4-47A7-8579-97ECF5C1A902}.Release|x86.ActiveCfg = Release|Win32
		{05DB5232-B7B4-47A7-8579-97ECF5C1A902}.Release|x86.Build.0 = Release|Win32
		{230231FB-5B44-441B-B813-BB5CBD32EEAC}.Debug|x64.ActiveCfg = Debug|x64
		{230231FB-5B44-441B-B813-BB5CBD32EEAC}.Debug|x64.Build.0 = Debug|x64
		{230231FB-5B44-441B-B813-BB5CBD32EEAC}.Debug|x86.ActiveCfg = Debug|Win32
		{230231FB-5B44-441B-B813-BB5CBD32EEAC}.Debug|x86.Build.0 = Debug|Win32
		{230231FB-5B44-441B-B813-BB5CBD32EEAC}.Release|x64.ActiveCfg = Release|x64
		{230231FB-5B44-441B-B813-BB5CBD32EEAC}.Release|x64.Build.0 = Release|x64
		{230231FB-5B44-441B-B813-BB5CBD32EEAC}.Release|x86.ActiveCfg = Release|Win32
		{230231FB-5B44-441B-B813-BB5CBD32EEAC}.Release|x86.Build.0 = Release|Win32
		{6E21E51F-6D2C-40B7-8772-40FF2E7B6E02}.Debug|x64.ActiveCfg = Debug|x64
		{6E21E51F-6D2C-40B7-8772-40FF2E7B6E02}.Debug|x64.Build.0 = Debug|x64
		{6E21E51F-6D2C-40B7-8772-40FF2E7B6E02}.Debug|x86.ActiveCfg = Debug|Win32
		{6E21E51F-6D2C-40B7-8772-40FF2E7B6E02}.Debug|x86.Build.0 = Debug|Win32
		{6E21E51F-6D2C-40B7-8772-40FF2E7B6E02}.Release|x64.ActiveCfg = Release|x64
		{6E21E51F-6D2C-40B7-8772-40FF2E7B6E02}.Release|x64.Build.0 = Release|x64
		{6E21E51F-6D2C-40B7-8772-40FF2E7B6E02}.Release|x86.ActiveCfg = Release|Win32
		{6E21E51F-6D2C-40B7-8772-40FF2E7B6E02}.Release|x86.Build.0 = Release|Win32
		{5BC91AB3-E077-4CFC-A0C0-BF904A2E02AB}.Debug|x64.ActiveCfg = Debug|x64
		{5BC91AB3-E077-4CFC-A0C0-BF904A2E02AB}.Debug|x64.Build.0 = Debug|x64
		{5BC91AB3-E077-4CFC-A0C0-BF904A2E02AB}.Debug|x86.ActiveCfg = Debug|Win32
		{5BC91AB3-E077-4CFC-A0C0-BF904A2E02AB}.Debug|x86.Build.0 = Debug|Win32
		{5BC91AB3-E077-4CFC-A0C0-BF904A2E02AB}.Release|x64.ActiveCfg = Release|x64
		{5BC91AB3-E077-4CFC-A0C0-BF904A2E02AB}.Release|x64.Build.0 = Release|x64
		{5BC91AB3-E077-4CFC-A0C0-BF904A2E02AB}.Release|x86.ActiveCfg = Release|Win32
		{5BC91AB3-E077-4CFC-A0C0-BF904A2E02AB}.Release|x86.Build.0 = Release|Win32
		{6222427B-D528-446D-B041-E8CD6FCC4A32}.Debug|x64.ActiveCfg = Debug|x64
		{6222427B-D528-446D-B041-E8CD6FCC4A32}.Debug|x64.Build.0 = Debug|x64
		{6222427B-D528-446D-B041-E8CD6FCC4A32}.Debug|x86.ActiveCfg = Debug|Win32
		{6222427B-D528-446D-B041-E8CD6FCC4A32}.Debug|x86.Build.0 = Debug|Win32
		{6222427B-D528-446D-B041-E8CD6FCC4A32}.Release|x64.ActiveCfg = Release|x64
		{6222427B-D528-446D-B041-E8CD6FCC4A32}.Release|x64.Build.0 = Release|x64
		{6222427B-D528-446D-B041-E8CD6FCC4A32}.Release|x86.ActiveCfg = Release|Win32
		{6222427B-D528-446D-B041-E8CD6FCC4A32}.Release|x86.Build.0 = Release|Win32
	EndGlobalSection
	GlobalSection(SolutionProperties) = preSolution
		HideSolutionNode = FALSE
	EndGlobalSection
	GlobalSection(ExtensibilityGlobals) = postSolution
		SolutionGuid = {A9413121-0CEE-445A-AB4C-C7E397A6B06E}
	EndGlobalSection
EndGlobal
